Microsoft Visual Studio Solution File, Format Version 12.00
# Visual Studio Version 17
VisualStudioVersion = 17.11.35222.181
MinimumVisualStudioVersion = 10.0.40219.1
Project("{FAE04EC0-301F-11D3-BF4B-00C04F79EFBC}") = "Entain.AsyncPageDownloader", "Entain.AsyncPageDownloader\Entain.AsyncPageDownloader.csproj", "{014849EF-7585-4C3B-A6AE-6CC0F7F8AEC7}"
EndProject
Project("{2150E333-8FDC-42A3-9474-1A3956D46DE8}") = "src", "src", "{91A21694-5F13-4494-8953-30ABA6CDEDF9}"
EndProject
Project("{2150E333-8FDC-42A3-9474-1A3956D46DE8}") = "tests", "tests", "{DC08B876-3E43-4836-B908-4E08A10D25EA}"
EndProject
Project("{FAE04EC0-301F-11D3-BF4B-00C04F79EFBC}") = "Entain.AsyncPageDownloader.Tests", "Entain.AsyncPageDownloader.Tests\Entain.AsyncPageDownloader.Tests.csproj", "{9A001C9E-248C-451E-8C86-D87B175C3D61}"
EndProject
Global
	GlobalSection(SolutionConfigurationPlatforms) = preSolution
		Debug|Any CPU = Debug|Any CPU
		Release|Any CPU = Release|Any CPU
	EndGlobalSection
	GlobalSection(ProjectConfigurationPlatforms) = postSolution
		{014849EF-7585-4C3B-A6AE-6CC0F7F8AEC7}.Debug|Any CPU.ActiveCfg = Debug|Any CPU
		{014849EF-7585-4C3B-A6AE-6CC0F7F8AEC7}.Debug|Any CPU.Build.0 = Debug|Any CPU
		{014849EF-7585-4C3B-A6AE-6CC0F7F8AEC7}.Release|Any CPU.ActiveCfg = Release|Any CPU
		{014849EF-7585-4C3B-A6AE-6CC0F7F8AEC7}.Release|Any CPU.Build.0 = Release|Any CPU
		{9A001C9E-248C-451E-8C86-D87B175C3D61}.Debug|Any CPU.ActiveCfg = Debug|Any CPU
		{9A001C9E-248C-451E-8C86-D87B175C3D61}.Debug|Any CPU.Build.0 = Debug|Any CPU
		{9A001C9E-248C-451E-8C86-D87B175C3D61}.Release|Any CPU.ActiveCfg = Release|Any CPU
		{9A001C9E-248C-451E-8C86-D87B175C3D61}.Release|Any CPU.Build.0 = Release|Any CPU
	EndGlobalSection
	GlobalSection(SolutionProperties) = preSolution
		HideSolutionNode = FALSE
	EndGlobalSection
	GlobalSection(NestedProjects) = preSolution
		{014849EF-7585-4C3B-A6AE-6CC0F7F8AEC7} = {91A21694-5F13-4494-8953-30ABA6CDEDF9}
		{9A001C9E-248C-451E-8C86-D87B175C3D61} = {DC08B876-3E43-4836-B908-4E08A10D25EA}
	EndGlobalSection
	GlobalSection(ExtensibilityGlobals) = postSolution
		SolutionGuid = {88DF71EE-012A-40DB-B523-F227ECAC4549}
	EndGlobalSection
EndGlobal
